
Microsoft Visual Studio Solution File, Format Version 12.00
# Visual Studio Version 17
VisualStudioVersion = 17.11.35327.3
MinimumVisualStudioVersion = 10.0.40219.1
Project("{9A19103F-16F7-4668-BE54-9A1E7A4F7556}") = "TestManager", "TestManager\TestManager.csproj", "{C2EAD456-CD46-4AE1-A203-BB22E2CA2717}"
EndProject
Project("{2150E333-8FDC-42A3-9474-1A3956D46DE8}") = "Solution Items", "Solution Items", "{4138A306-C855-4615-95F8-279B0706A4B9}"
	ProjectSection(SolutionItems) = preProject
		.editorconfig = .editorconfig
		.gitignore = .gitignore
		README.md = README.md
	EndProjectSection
EndProject
Project("{9A19103F-16F7-4668-BE54-9A1E7A4F7556}") = "Tests", "Tests\Tests.csproj", "{5ACE817B-FD37-4581-834C-D6786779077F}"
EndProject
Project("{2150E333-8FDC-42A3-9474-1A3956D46DE8}") = "Plugins", "Plugins", "{D6C59BCD-C506-4DE5-AA17-2B8B9C20C2DA}"
EndProject
Project("{9A19103F-16F7-4668-BE54-9A1E7A4F7556}") = "TestManager.PluginLib", "TestManager.PluginLib\TestManager.PluginLib.csproj", "{94AEA037-EFA3-4CB2-8F49-AFC412C49D5F}"
EndProject
Project("{9A19103F-16F7-4668-BE54-9A1E7A4F7556}") = "PluginDemo", "PluginDemo\PluginDemo.csproj", "{C4DEDDC2-F57E-497C-BC24-7571CB2C4275}"
EndProject
Project("{9A19103F-16F7-4668-BE54-9A1E7A4F7556}") = "PluginDep", "PluginDep\PluginDep.csproj", "{C19218B9-B718-4A0C-BE2C-BAEF394511B3}"
EndProject
Global
	GlobalSection(SolutionConfigurationPlatforms) = preSolution
		Debug|Any CPU = Debug|Any CPU
		Release|Any CPU = Release|Any CPU
	EndGlobalSection
	GlobalSection(ProjectConfigurationPlatforms) = postSolution
		{C2EAD456-CD46-4AE1-A203-BB22E2CA2717}.Debug|Any CPU.ActiveCfg = Debug|Any CPU
		{C2EAD456-CD46-4AE1-A203-BB22E2CA2717}.Debug|Any CPU.Build.0 = Debug|Any CPU
		{C2EAD456-CD46-4AE1-A203-BB22E2CA2717}.Release|Any CPU.ActiveCfg = Release|Any CPU
		{C2EAD456-CD46-4AE1-A203-BB22E2CA2717}.Release|Any CPU.Build.0 = Release|Any CPU
		{5ACE817B-FD37-4581-834C-D6786779077F}.Debug|Any CPU.ActiveCfg = Debug|Any CPU
		{5ACE817B-FD37-4581-834C-D6786779077F}.Debug|Any CPU.Build.0 = Debug|Any CPU
		{5ACE817B-FD37-4581-834C-D6786779077F}.Release|Any CPU.ActiveCfg = Release|Any CPU
		{5ACE817B-FD37-4581-834C-D6786779077F}.Release|Any CPU.Build.0 = Release|Any CPU
		{94AEA037-EFA3-4CB2-8F49-AFC412C49D5F}.Debug|Any CPU.ActiveCfg = Debug|Any CPU
		{94AEA037-EFA3-4CB2-8F49-AFC412C49D5F}.Debug|Any CPU.Build.0 = Debug|Any CPU
		{94AEA037-EFA3-4CB2-8F49-AFC412C49D5F}.Release|Any CPU.ActiveCfg = Release|Any CPU
		{94AEA037-EFA3-4CB2-8F49-AFC412C49D5F}.Release|Any CPU.Build.0 = Release|Any CPU
		{C4DEDDC2-F57E-497C-BC24-7571CB2C4275}.Debug|Any CPU.ActiveCfg = Debug|Any CPU
		{C4DEDDC2-F57E-497C-BC24-7571CB2C4275}.Debug|Any CPU.Build.0 = Debug|Any CPU
		{C4DEDDC2-F57E-497C-BC24-7571CB2C4275}.Release|Any CPU.ActiveCfg = Release|Any CPU
		{C4DEDDC2-F57E-497C-BC24-7571CB2C4275}.Release|Any CPU.Build.0 = Release|Any CPU
		{C19218B9-B718-4A0C-BE2C-BAEF394511B3}.Debug|Any CPU.ActiveCfg = Debug|Any CPU
		{C19218B9-B718-4A0C-BE2C-BAEF394511B3}.Debug|Any CPU.Build.0 = Debug|Any CPU
		{C19218B9-B718-4A0C-BE2C-BAEF394511B3}.Release|Any CPU.ActiveCfg = Release|Any CPU
		{C19218B9-B718-4A0C-BE2C-BAEF394511B3}.Release|Any CPU.Build.0 = Release|Any CPU
	EndGlobalSection
	GlobalSection(SolutionProperties) = preSolution
		HideSolutionNode = FALSE
	EndGlobalSection
	GlobalSection(NestedProjects) = preSolution
		{C4DEDDC2-F57E-497C-BC24-7571CB2C4275} = {D6C59BCD-C506-4DE5-AA17-2B8B9C20C2DA}
		{C19218B9-B718-4A0C-BE2C-BAEF394511B3} = {D6C59BCD-C506-4DE5-AA17-2B8B9C20C2DA}
	EndGlobalSection
	GlobalSection(ExtensibilityGlobals) = postSolution
		SolutionGuid = {72AF1281-50D4-48AF-8897-C96A649470CF}
	EndGlobalSection
EndGlobal
